
Microsoft Visual Studio Solution File, Format Version 12.00
# Visual Studio Version 17
VisualStudioVersion = 17.3.32929.385
MinimumVisualStudioVersion = 10.0.40219.1
Project("{888888A0-9F3D-457C-B088-3A5042F75D52}") = "repos2", "repos2.pyproj", "{829CB95C-85D1-440A-BD05-3D7D324355B0}"
EndProject
Global
	GlobalSection(SolutionConfigurationPlatforms) = preSolution
		Debug|Any CPU = Debug|Any CPU
		Release|Any CPU = Release|Any CPU
	EndGlobalSection
	GlobalSection(ProjectConfigurationPlatforms) = postSolution
		{829CB95C-85D1-440A-BD05-3D7D324355B0}.Debug|Any CPU.ActiveCfg = Debug|Any CPU
		{829CB95C-85D1-440A-BD05-3D7D324355B0}.Release|Any CPU.ActiveCfg = Release|Any CPU
	EndGlobalSection
	GlobalSection(SolutionProperties) = preSolution
		HideSolutionNode = FALSE
	EndGlobalSection
	GlobalSection(ExtensibilityGlobals) = postSolution
		SolutionGuid = {8DE51E59-B058-49EB-97A1-C4093723AEB0}
	EndGlobalSection
EndGlobal
